// !$*UTF8*$!
{
	archiveVersion = 1;
	classes = {
	};
	objectVersion = 46;
	objects = {

/* Begin PBXBuildFile section */
		401C09271A6AF58300855469 /* LoginVC.swift in Sources */ = {isa = PBXBuildFile; fileRef = 401C09261A6AF58300855469 /* LoginVC.swift */; };
		401C09291A6AF69300855469 /* SignupVC.swift in Sources */ = {isa = PBXBuildFile; fileRef = 401C09281A6AF69300855469 /* SignupVC.swift */; };
		402134081A6B41E9006BD39A /* Meats.jpg in Resources */ = {isa = PBXBuildFile; fileRef = 402134071A6B41E9006BD39A /* Meats.jpg */; };
		4021340B1A6B4210006BD39A /* Fruits.jpg in Resources */ = {isa = PBXBuildFile; fileRef = 402134091A6B4210006BD39A /* Fruits.jpg */; };
		4021340C1A6B4210006BD39A /* Vegetables.jpg in Resources */ = {isa = PBXBuildFile; fileRef = 4021340A1A6B4210006BD39A /* Vegetables.jpg */; };
		402134131A6B59D5006BD39A /* OilsAndSpices.jpg in Resources */ = {isa = PBXBuildFile; fileRef = 402134121A6B59D5006BD39A /* OilsAndSpices.jpg */; };
		402134151A6B5A28006BD39A /* Snacks.jpg in Resources */ = {isa = PBXBuildFile; fileRef = 402134141A6B5A28006BD39A /* Snacks.jpg */; };
		402134171A6B5AA8006BD39A /* Dairy.jpg in Resources */ = {isa = PBXBuildFile; fileRef = 402134161A6B5AA8006BD39A /* Dairy.jpg */; };
		4021341D1A6BAA30006BD39A /* WindowsAzureMobileServices.framework in Frameworks */ = {isa = PBXBuildFile; fileRef = 4021341C1A6BAA30006BD39A /* WindowsAzureMobileServices.framework */; };
		403DF4751A6BACDE0047C885 /* ToDoTableViewController.swift in Sources */ = {isa = PBXBuildFile; fileRef = 403DF4721A6BACDE0047C885 /* ToDoTableViewController.swift */; };
		403DF4761A6BACDE0047C885 /* ToDoItemViewController.swift in Sources */ = {isa = PBXBuildFile; fileRef = 403DF4731A6BACDE0047C885 /* ToDoItemViewController.swift */; };
		403DF47D1A6BE5270047C885 /* RecipeGenerator.swift in Sources */ = {isa = PBXBuildFile; fileRef = 403DF47C1A6BE5270047C885 /* RecipeGenerator.swift */; };
		403DF4851A6C0A000047C885 /* SwiftyJSON.swift in Sources */ = {isa = PBXBuildFile; fileRef = 403DF4821A6C0A000047C885 /* SwiftyJSON.swift */; };
		403DF4861A6C0A000047C885 /* AppModel.swift in Sources */ = {isa = PBXBuildFile; fileRef = 403DF4831A6C0A000047C885 /* AppModel.swift */; };
		403DF4871A6C0A000047C885 /* DataManager.swift in Sources */ = {isa = PBXBuildFile; fileRef = 403DF4841A6C0A000047C885 /* DataManager.swift */; };
		40B40A261A6AAF16006B4B45 /* AppDelegate.swift in Sources */ = {isa = PBXBuildFile; fileRef = 40B40A251A6AAF16006B4B45 /* AppDelegate.swift */; };
		40B40A2D1A6AAF16006B4B45 /* Main.storyboard in Resources */ = {isa = PBXBuildFile; fileRef = 40B40A2B1A6AAF16006B4B45 /* Main.storyboard */; };
		40B40A2F1A6AAF16006B4B45 /* Images.xcassets in Resources */ = {isa = PBXBuildFile; fileRef = 40B40A2E1A6AAF16006B4B45 /* Images.xcassets */; };
		40B40A321A6AAF16006B4B45 /* LaunchScreen.xib in Resources */ = {isa = PBXBuildFile; fileRef = 40B40A301A6AAF16006B4B45 /* LaunchScreen.xib */; };
		40B40A3E1A6AAF16006B4B45 /* myFridge2Tests.swift in Sources */ = {isa = PBXBuildFile; fileRef = 40B40A3D1A6AAF16006B4B45 /* myFridge2Tests.swift */; };
		40E0AC191A6AED5B007A467B /* HomeViewController.swift in Sources */ = {isa = PBXBuildFile; fileRef = 40E0AC181A6AED5B007A467B /* HomeViewController.swift */; };
/* End PBXBuildFile section */

/* Begin PBXContainerItemProxy section */
		40B40A381A6AAF16006B4B45 /* PBXContainerItemProxy */ = {
			isa = PBXContainerItemProxy;
			containerPortal = 40B40A181A6AAF16006B4B45 /* Project object */;
			proxyType = 1;
			remoteGlobalIDString = 40B40A1F1A6AAF16006B4B45;
			remoteInfo = myFridge2;
		};
/* End PBXContainerItemProxy section */

/* Begin PBXFileReference section */
		401C09261A6AF58300855469 /* LoginVC.swift */ = {isa = PBXFileReference; fileEncoding = 4; lastKnownFileType = sourcecode.swift; path = LoginVC.swift; sourceTree = "<group>"; };
		401C09281A6AF69300855469 /* SignupVC.swift */ = {isa = PBXFileReference; fileEncoding = 4; lastKnownFileType = sourcecode.swift; path = SignupVC.swift; sourceTree = "<group>"; };
		402134001A6B3167006BD39A /* myFridge2-Bridging-Header.h */ = {isa = PBXFileReference; lastKnownFileType = sourcecode.c.h; path = "myFridge2-Bridging-Header.h"; sourceTree = "<group>"; };
		402134071A6B41E9006BD39A /* Meats.jpg */ = {isa = PBXFileReference; lastKnownFileType = image.jpeg; path = Meats.jpg; sourceTree = "<group>"; };
		402134091A6B4210006BD39A /* Fruits.jpg */ = {isa = PBXFileReference; lastKnownFileType = image.jpeg; path = Fruits.jpg; sourceTree = "<group>"; };
		4021340A1A6B4210006BD39A /* Vegetables.jpg */ = {isa = PBXFileReference; lastKnownFileType = image.jpeg; path = Vegetables.jpg; sourceTree = "<group>"; };
		402134121A6B59D5006BD39A /* OilsAndSpices.jpg */ = {isa = PBXFileReference; lastKnownFileType = image.jpeg; path = OilsAndSpices.jpg; sourceTree = "<group>"; };
		402134141A6B5A28006BD39A /* Snacks.jpg */ = {isa = PBXFileReference; lastKnownFileType = image.jpeg; path = Snacks.jpg; sourceTree = "<group>"; };
		402134161A6B5AA8006BD39A /* Dairy.jpg */ = {isa = PBXFileReference; lastKnownFileType = image.jpeg; path = Dairy.jpg; sourceTree = "<group>"; };
		4021341C1A6BAA30006BD39A /* WindowsAzureMobileServices.framework */ = {isa = PBXFileReference; lastKnownFileType = wrapper.framework; path = WindowsAzureMobileServices.framework; sourceTree = "<group>"; };
		403DF4721A6BACDE0047C885 /* ToDoTableViewController.swift */ = {isa = PBXFileReference; fileEncoding = 4; lastKnownFileType = sourcecode.swift; path = ToDoTableViewController.swift; sourceTree = "<group>"; };
		403DF4731A6BACDE0047C885 /* ToDoItemViewController.swift */ = {isa = PBXFileReference; fileEncoding = 4; lastKnownFileType = sourcecode.swift; path = ToDoItemViewController.swift; sourceTree = "<group>"; };
		403DF47C1A6BE5270047C885 /* RecipeGenerator.swift */ = {isa = PBXFileReference; fileEncoding = 4; lastKnownFileType = sourcecode.swift; path = RecipeGenerator.swift; sourceTree = "<group>"; };
		403DF4821A6C0A000047C885 /* SwiftyJSON.swift */ = {isa = PBXFileReference; fileEncoding = 4; lastKnownFileType = sourcecode.swift; path = SwiftyJSON.swift; sourceTree = "<group>"; };
		403DF4831A6C0A000047C885 /* AppModel.swift */ = {isa = PBXFileReference; fileEncoding = 4; lastKnownFileType = sourcecode.swift; path = AppModel.swift; sourceTree = "<group>"; };
		403DF4841A6C0A000047C885 /* DataManager.swift */ = {isa = PBXFileReference; fileEncoding = 4; lastKnownFileType = sourcecode.swift; path = DataManager.swift; sourceTree = "<group>"; };
		40B40A201A6AAF16006B4B45 /* myFridge2.app */ = {isa = PBXFileReference; explicitFileType = wrapper.application; includeInIndex = 0; path = myFridge2.app; sourceTree = BUILT_PRODUCTS_DIR; };
		40B40A241A6AAF16006B4B45 /* Info.plist */ = {isa = PBXFileReference; lastKnownFileType = text.plist.xml; path = Info.plist; sourceTree = "<group>"; };
		40B40A251A6AAF16006B4B45 /* AppDelegate.swift */ = {isa = PBXFileReference; lastKnownFileType = sourcecode.swift; path = AppDelegate.swift; sourceTree = "<group>"; };
		40B40A2C1A6AAF16006B4B45 /* Base */ = {isa = PBXFileReference; lastKnownFileType = file.storyboard; name = Base; path = Base.lproj/Main.storyboard; sourceTree = "<group>"; };
		40B40A2E1A6AAF16006B4B45 /* Images.xcassets */ = {isa = PBXFileReference; lastKnownFileType = folder.assetcatalog; path = Images.xcassets; sourceTree = "<group>"; };
		40B40A311A6AAF16006B4B45 /* Base */ = {isa = PBXFileReference; lastKnownFileType = file.xib; name = Base; path = Base.lproj/LaunchScreen.xib; sourceTree = "<group>"; };
		40B40A371A6AAF16006B4B45 /* myFridge2Tests.xctest */ = {isa = PBXFileReference; explicitFileType = wrapper.cfbundle; includeInIndex = 0; path = myFridge2Tests.xctest; sourceTree = BUILT_PRODUCTS_DIR; };
		40B40A3C1A6AAF16006B4B45 /* Info.plist */ = {isa = PBXFileReference; lastKnownFileType = text.plist.xml; path = Info.plist; sourceTree = "<group>"; };
		40B40A3D1A6AAF16006B4B45 /* myFridge2Tests.swift */ = {isa = PBXFileReference; lastKnownFileType = sourcecode.swift; path = myFridge2Tests.swift; sourceTree = "<group>"; };
		40E0AC181A6AED5B007A467B /* HomeViewController.swift */ = {isa = PBXFileReference; fileEncoding = 4; lastKnownFileType = sourcecode.swift; path = HomeViewController.swift; sourceTree = "<group>"; };
/* End PBXFileReference section */

/* Begin PBXFrameworksBuildPhase section */
		40B40A1D1A6AAF16006B4B45 /* Frameworks */ = {
			isa = PBXFrameworksBuildPhase;
			buildActionMask = 2147483647;
			files = (
				4021341D1A6BAA30006BD39A /* WindowsAzureMobileServices.framework in Frameworks */,
			);
			runOnlyForDeploymentPostprocessing = 0;
		};
		40B40A341A6AAF16006B4B45 /* Frameworks */ = {
			isa = PBXFrameworksBuildPhase;
			buildActionMask = 2147483647;
			files = (
			);
			runOnlyForDeploymentPostprocessing = 0;
		};
/* End PBXFrameworksBuildPhase section */

/* Begin PBXGroup section */
		40B40A171A6AAF16006B4B45 = {
			isa = PBXGroup;
			children = (
				40B40A221A6AAF16006B4B45 /* myFridge2 */,
				40B40A3A1A6AAF16006B4B45 /* myFridge2Tests */,
				40B40A211A6AAF16006B4B45 /* Products */,
				402134001A6B3167006BD39A /* myFridge2-Bridging-Header.h */,
			);
			sourceTree = "<group>";
		};
		40B40A211A6AAF16006B4B45 /* Products */ = {
			isa = PBXGroup;
			children = (
				40B40A201A6AAF16006B4B45 /* myFridge2.app */,
				40B40A371A6AAF16006B4B45 /* myFridge2Tests.xctest */,
			);
			name = Products;
			sourceTree = "<group>";
		};
		40B40A221A6AAF16006B4B45 /* myFridge2 */ = {
			isa = PBXGroup;
			children = (
				40B40A251A6AAF16006B4B45 /* AppDelegate.swift */,
				40B40A2B1A6AAF16006B4B45 /* Main.storyboard */,
				403DF4721A6BACDE0047C885 /* ToDoTableViewController.swift */,
				403DF4731A6BACDE0047C885 /* ToDoItemViewController.swift */,
				4021341C1A6BAA30006BD39A /* WindowsAzureMobileServices.framework */,
				40B40A2E1A6AAF16006B4B45 /* Images.xcassets */,
				40B40A301A6AAF16006B4B45 /* LaunchScreen.xib */,
				40B40A231A6AAF16006B4B45 /* Supporting Files */,
				40E0AC181A6AED5B007A467B /* HomeViewController.swift */,
				403DF4821A6C0A000047C885 /* SwiftyJSON.swift */,
				403DF4831A6C0A000047C885 /* AppModel.swift */,
				403DF4841A6C0A000047C885 /* DataManager.swift */,
				401C09261A6AF58300855469 /* LoginVC.swift */,
				401C09281A6AF69300855469 /* SignupVC.swift */,
				403DF47C1A6BE5270047C885 /* RecipeGenerator.swift */,
			);
			path = myFridge2;
			sourceTree = "<group>";
		};
		40B40A231A6AAF16006B4B45 /* Supporting Files */ = {
			isa = PBXGroup;
			children = (
				402134091A6B4210006BD39A /* Fruits.jpg */,
				4021340A1A6B4210006BD39A /* Vegetables.jpg */,
				402134161A6B5AA8006BD39A /* Dairy.jpg */,
				402134141A6B5A28006BD39A /* Snacks.jpg */,
				402134071A6B41E9006BD39A /* Meats.jpg */,
				402134121A6B59D5006BD39A /* OilsAndSpices.jpg */,
				40B40A241A6AAF16006B4B45 /* Info.plist */,
			);
			name = "Supporting Files";
			sourceTree = "<group>";
		};
		40B40A3A1A6AAF16006B4B45 /* myFridge2Tests */ = {
			isa = PBXGroup;
			children = (
				40B40A3D1A6AAF16006B4B45 /* myFridge2Tests.swift */,
				40B40A3B1A6AAF16006B4B45 /* Supporting Files */,
			);
			path = myFridge2Tests;
			sourceTree = "<group>";
		};
		40B40A3B1A6AAF16006B4B45 /* Supporting Files */ = {
			isa = PBXGroup;
			children = (
				40B40A3C1A6AAF16006B4B45 /* Info.plist */,
			);
			name = "Supporting Files";
			sourceTree = "<group>";
		};
/* End PBXGroup section */

/* Begin PBXNativeTarget section */
		40B40A1F1A6AAF16006B4B45 /* myFridge2 */ = {
			isa = PBXNativeTarget;
			buildConfigurationList = 40B40A411A6AAF16006B4B45 /* Build configuration list for PBXNativeTarget "myFridge2" */;
			buildPhases = (
				40B40A1C1A6AAF16006B4B45 /* Sources */,
				40B40A1D1A6AAF16006B4B45 /* Frameworks */,
				40B40A1E1A6AAF16006B4B45 /* Resources */,
			);
			buildRules = (
			);
			dependencies = (
			);
			name = myFridge2;
			productName = myFridge2;
			productReference = 40B40A201A6AAF16006B4B45 /* myFridge2.app */;
			productType = "com.apple.product-type.application";
		};
		40B40A361A6AAF16006B4B45 /* myFridge2Tests */ = {
			isa = PBXNativeTarget;
			buildConfigurationList = 40B40A441A6AAF16006B4B45 /* Build configuration list for PBXNativeTarget "myFridge2Tests" */;
			buildPhases = (
				40B40A331A6AAF16006B4B45 /* Sources */,
				40B40A341A6AAF16006B4B45 /* Frameworks */,
				40B40A351A6AAF16006B4B45 /* Resources */,
			);
			buildRules = (
			);
			dependencies = (
				40B40A391A6AAF16006B4B45 /* PBXTargetDependency */,
			);
			name = myFridge2Tests;
			productName = myFridge2Tests;
			productReference = 40B40A371A6AAF16006B4B45 /* myFridge2Tests.xctest */;
			productType = "com.apple.product-type.bundle.unit-test";
		};
/* End PBXNativeTarget section */

/* Begin PBXProject section */
		40B40A181A6AAF16006B4B45 /* Project object */ = {
			isa = PBXProject;
			attributes = {
				LastUpgradeCheck = 0610;
				ORGANIZATIONNAME = "Michael Abdallah-Minciotti";
				TargetAttributes = {
					40B40A1F1A6AAF16006B4B45 = {
						CreatedOnToolsVersion = 6.1.1;
					};
					40B40A361A6AAF16006B4B45 = {
						CreatedOnToolsVersion = 6.1.1;
						TestTargetID = 40B40A1F1A6AAF16006B4B45;
					};
				};
			};
			buildConfigurationList = 40B40A1B1A6AAF16006B4B45 /* Build configuration list for PBXProject "myFridge2" */;
			compatibilityVersion = "Xcode 3.2";
			developmentRegion = English;
			hasScannedForEncodings = 0;
			knownRegions = (
				en,
				Base,
			);
			mainGroup = 40B40A171A6AAF16006B4B45;
			productRefGroup = 40B40A211A6AAF16006B4B45 /* Products */;
			projectDirPath = "";
			projectRoot = "";
			targets = (
				40B40A1F1A6AAF16006B4B45 /* myFridge2 */,
				40B40A361A6AAF16006B4B45 /* myFridge2Tests */,
			);
		};
/* End PBXProject section */

/* Begin PBXResourcesBuildPhase section */
		40B40A1E1A6AAF16006B4B45 /* Resources */ = {
			isa = PBXResourcesBuildPhase;
			buildActionMask = 2147483647;
			files = (
				4021340B1A6B4210006BD39A /* Fruits.jpg in Resources */,
				4021340C1A6B4210006BD39A /* Vegetables.jpg in Resources */,
				40B40A2D1A6AAF16006B4B45 /* Main.storyboard in Resources */,
				402134131A6B59D5006BD39A /* OilsAndSpices.jpg in Resources */,
				40B40A321A6AAF16006B4B45 /* LaunchScreen.xib in Resources */,
				402134081A6B41E9006BD39A /* Meats.jpg in Resources */,
				40B40A2F1A6AAF16006B4B45 /* Images.xcassets in Resources */,
				402134151A6B5A28006BD39A /* Snacks.jpg in Resources */,
				402134171A6B5AA8006BD39A /* Dairy.jpg in Resources */,
			);
			runOnlyForDeploymentPostprocessing = 0;
		};
		40B40A351A6AAF16006B4B45 /* Resources */ = {
			isa = PBXResourcesBuildPhase;
			buildActionMask = 2147483647;
			files = (
			);
			runOnlyForDeploymentPostprocessing = 0;
		};
/* End PBXResourcesBuildPhase section */

/* Begin PBXSourcesBuildPhase section */
		40B40A1C1A6AAF16006B4B45 /* Sources */ = {
			isa = PBXSourcesBuildPhase;
			buildActionMask = 2147483647;
			files = (
				401C09291A6AF69300855469 /* SignupVC.swift in Sources */,
				403DF4871A6C0A000047C885 /* DataManager.swift in Sources */,
				403DF47D1A6BE5270047C885 /* RecipeGenerator.swift in Sources */,
				403DF4761A6BACDE0047C885 /* ToDoItemViewController.swift in Sources */,
				403DF4851A6C0A000047C885 /* SwiftyJSON.swift in Sources */,
				403DF4861A6C0A000047C885 /* AppModel.swift in Sources */,
				403DF4751A6BACDE0047C885 /* ToDoTableViewController.swift in Sources */,
				40B40A261A6AAF16006B4B45 /* AppDelegate.swift in Sources */,
				40E0AC191A6AED5B007A467B /* HomeViewController.swift in Sources */,
				401C09271A6AF58300855469 /* LoginVC.swift in Sources */,
			);
			runOnlyForDeploymentPostprocessing = 0;
		};
		40B40A331A6AAF16006B4B45 /* Sources */ = {
			isa = PBXSourcesBuildPhase;
			buildActionMask = 2147483647;
			files = (
				40B40A3E1A6AAF16006B4B45 /* myFridge2Tests.swift in Sources */,
			);
			runOnlyForDeploymentPostprocessing = 0;
		};
/* End PBXSourcesBuildPhase section */

/* Begin PBXTargetDependency section */
		40B40A391A6AAF16006B4B45 /* PBXTargetDependency */ = {
			isa = PBXTargetDependency;
			target = 40B40A1F1A6AAF16006B4B45 /* myFridge2 */;
			targetProxy = 40B40A381A6AAF16006B4B45 /* PBXContainerItemProxy */;
		};
/* End PBXTargetDependency section */

/* Begin PBXVariantGroup section */
		40B40A2B1A6AAF16006B4B45 /* Main.storyboard */ = {
			isa = PBXVariantGroup;
			children = (
				40B40A2C1A6AAF16006B4B45 /* Base */,
			);
			name = Main.storyboard;
			sourceTree = "<group>";
		};
		40B40A301A6AAF16006B4B45 /* LaunchScreen.xib */ = {
			isa = PBXVariantGroup;
			children = (
				40B40A311A6AAF16006B4B45 /* Base */,
			);
			name = LaunchScreen.xib;
			sourceTree = "<group>";
		};
/* End PBXVariantGroup section */

/* Begin XCBuildConfiguration section */
		40B40A3F1A6AAF16006B4B45 /* Debug */ = {
			isa = XCBuildConfiguration;
			buildSettings = {
				ALWAYS_SEARCH_USER_PATHS = NO;
				CLANG_CXX_LANGUAGE_STANDARD = "gnu++0x";
				CLANG_CXX_LIBRARY = "libc++";
				CLANG_ENABLE_MODULES = YES;
				CLANG_ENABLE_OBJC_ARC = YES;
				CLANG_WARN_BOOL_CONVERSION = YES;
				CLANG_WARN_CONSTANT_CONVERSION = YES;
				CLANG_WARN_DIRECT_OBJC_ISA_USAGE = YES_ERROR;
				CLANG_WARN_EMPTY_BODY = YES;
				CLANG_WARN_ENUM_CONVERSION = YES;
				CLANG_WARN_INT_CONVERSION = YES;
				CLANG_WARN_OBJC_ROOT_CLASS = YES_ERROR;
				CLANG_WARN_UNREACHABLE_CODE = YES;
				CLANG_WARN__DUPLICATE_METHOD_MATCH = YES;
				"CODE_SIGN_IDENTITY[sdk=iphoneos*]" = "iPhone Developer";
				COPY_PHASE_STRIP = NO;
				ENABLE_STRICT_OBJC_MSGSEND = YES;
				GCC_C_LANGUAGE_STANDARD = gnu99;
				GCC_DYNAMIC_NO_PIC = NO;
				GCC_OPTIMIZATION_LEVEL = 0;
				GCC_PREPROCESSOR_DEFINITIONS = (
					"DEBUG=1",
					"$(inherited)",
				);
				GCC_SYMBOLS_PRIVATE_EXTERN = NO;
				GCC_WARN_64_TO_32_BIT_CONVERSION = YES;
				GCC_WARN_ABOUT_RETURN_TYPE = YES_ERROR;
				GCC_WARN_UNDECLARED_SELECTOR = YES;
				GCC_WARN_UNINITIALIZED_AUTOS = YES_AGGRESSIVE;
				GCC_WARN_UNUSED_FUNCTION = YES;
				GCC_WARN_UNUSED_VARIABLE = YES;
				IPHONEOS_DEPLOYMENT_TARGET = 8.1;
				MTL_ENABLE_DEBUG_INFO = YES;
				ONLY_ACTIVE_ARCH = YES;
				SDKROOT = iphoneos;
				SWIFT_OPTIMIZATION_LEVEL = "-Onone";
				TREAT_MISSING_BASELINES_AS_TEST_FAILURES = NO;
			};
			name = Debug;
		};
		40B40A401A6AAF16006B4B45 /* Release */ = {
			isa = XCBuildConfiguration;
			buildSettings = {
				ALWAYS_SEARCH_USER_PATHS = NO;
				CLANG_CXX_LANGUAGE_STANDARD = "gnu++0x";
				CLANG_CXX_LIBRARY = "libc++";
				CLANG_ENABLE_MODULES = YES;
				CLANG_ENABLE_OBJC_ARC = YES;
				CLANG_WARN_BOOL_CONVERSION = YES;
				CLANG_WARN_CONSTANT_CONVERSION = YES;
				CLANG_WARN_DIRECT_OBJC_ISA_USAGE = YES_ERROR;
				CLANG_WARN_EMPTY_BODY = YES;
				CLANG_WARN_ENUM_CONVERSION = YES;
				CLANG_WARN_INT_CONVERSION = YES;
				CLANG_WARN_OBJC_ROOT_CLASS = YES_ERROR;
				CLANG_WARN_UNREACHABLE_CODE = YES;
				CLANG_WARN__DUPLICATE_METHOD_MATCH = YES;
				"CODE_SIGN_IDENTITY[sdk=iphoneos*]" = "iPhone Developer";
				COPY_PHASE_STRIP = YES;
				ENABLE_NS_ASSERTIONS = NO;
				ENABLE_STRICT_OBJC_MSGSEND = YES;
				GCC_C_LANGUAGE_STANDARD = gnu99;
				GCC_WARN_64_TO_32_BIT_CONVERSION = YES;
				GCC_WARN_ABOUT_RETURN_TYPE = YES_ERROR;
				GCC_WARN_UNDECLARED_SELECTOR = YES;
				GCC_WARN_UNINITIALIZED_AUTOS = YES_AGGRESSIVE;
				GCC_WARN_UNUSED_FUNCTION = YES;
				GCC_WARN_UNUSED_VARIABLE = YES;
				IPHONEOS_DEPLOYMENT_TARGET = 8.1;
				MTL_ENABLE_DEBUG_INFO = NO;
				SDKROOT = iphoneos;
				TREAT_MISSING_BASELINES_AS_TEST_FAILURES = NO;
				VALIDATE_PRODUCT = YES;
			};
			name = Release;
		};
		40B40A421A6AAF16006B4B45 /* Debug */ = {
			isa = XCBuildConfiguration;
			buildSettings = {
				ASSETCATALOG_COMPILER_APPICON_NAME = AppIcon;
				CLANG_ENABLE_MODULES = YES;
				FRAMEWORK_SEARCH_PATHS = (
					"$(inherited)",
					"$(PROJECT_DIR)/myFridge2",
				);
				INFOPLIST_FILE = myFridge2/Info.plist;
				LD_RUNPATH_SEARCH_PATHS = "$(inherited) @executable_path/Frameworks";
				PRODUCT_NAME = myFridge2;
				SWIFT_OBJC_BRIDGING_HEADER = "myFridge2-Bridging-Header.h";
				SWIFT_OPTIMIZATION_LEVEL = "-O";
			};
			name = Debug;
		};
		40B40A431A6AAF16006B4B45 /* Release */ = {
			isa = XCBuildConfiguration;
			buildSettings = {
				ASSETCATALOG_COMPILER_APPICON_NAME = AppIcon;
				CLANG_ENABLE_MODULES = YES;
				FRAMEWORK_SEARCH_PATHS = (
					"$(inherited)",
					"$(PROJECT_DIR)/myFridge2",
				);
				INFOPLIST_FILE = myFridge2/Info.plist;
				LD_RUNPATH_SEARCH_PATHS = "$(inherited) @executable_path/Frameworks";
				PRODUCT_NAME = myFridge2;
				SWIFT_OBJC_BRIDGING_HEADER = "myFridge2-Bridging-Header.h";
			};
			name = Release;
		};
		40B40A451A6AAF16006B4B45 /* Debug */ = {
			isa = XCBuildConfiguration;
			buildSettings = {
				BUNDLE_LOADER = "$(TEST_HOST)";
				FRAMEWORK_SEARCH_PATHS = (
					"$(SDKROOT)/Developer/Library/Frameworks",
					"$(inherited)",
				);
				GCC_PREPROCESSOR_DEFINITIONS = (
					"DEBUG=1",
					"$(inherited)",
				);
				INFOPLIST_FILE = myFridge2Tests/Info.plist;
				LD_RUNPATH_SEARCH_PATHS = "$(inherited) @executable_path/Frameworks @loader_path/Frameworks";
				PRODUCT_NAME = myFridge2Tests;
				TEST_HOST = "$(BUILT_PRODUCTS_DIR)/myFridge2.app/myFridge2";
			};
			name = Debug;
		};
		40B40A461A6AAF16006B4B45 /* Release */ = {
			isa = XCBuildConfiguration;
			buildSettings = {
				BUNDLE_LOADER = "$(TEST_HOST)";
				FRAMEWORK_SEARCH_PATHS = (
					"$(SDKROOT)/Developer/Library/Frameworks",
					"$(inherited)",
				);
				INFOPLIST_FILE = myFridge2Tests/Info.plist;
				LD_RUNPATH_SEARCH_PATHS = "$(inherited) @executable_path/Frameworks @loader_path/Frameworks";
				PRODUCT_NAME = myFridge2Tests;
				TEST_HOST = "$(BUILT_PRODUCTS_DIR)/myFridge2.app/myFridge2";
			};
			name = Release;
		};
/* End XCBuildConfiguration section */

/* Begin XCConfigurationList section */
		40B40A1B1A6AAF16006B4B45 /* Build configuration list for PBXProject "myFridge2" */ = {
			isa = XCConfigurationList;
			buildConfigurations = (
				40B40A3F1A6AAF16006B4B45 /* Debug */,
				40B40A401A6AAF16006B4B45 /* Release */,
			);
			defaultConfigurationIsVisible = 0;
			defaultConfigurationName = Release;
		};
		40B40A411A6AAF16006B4B45 /* Build configuration list for PBXNativeTarget "myFridge2" */ = {
			isa = XCConfigurationList;
			buildConfigurations = (
				40B40A421A6AAF16006B4B45 /* Debug */,
				40B40A431A6AAF16006B4B45 /* Release */,
			);
			defaultConfigurationIsVisible = 0;
			defaultConfigurationName = Release;
		};
		40B40A441A6AAF16006B4B45 /* Build configuration list for PBXNativeTarget "myFridge2Tests" */ = {
			isa = XCConfigurationList;
			buildConfigurations = (
				40B40A451A6AAF16006B4B45 /* Debug */,
				40B40A461A6AAF16006B4B45 /* Release */,
			);
			defaultConfigurationIsVisible = 0;
			defaultConfigurationName = Release;
		};
/* End XCConfigurationList section */
	};
	rootObject = 40B40A181A6AAF16006B4B45 /* Project object */;
}
